
Microsoft Visual Studio Solution File, Format Version 12.00
# Visual Studio Version 17
VisualStudioVersion = 17.5.33530.505
MinimumVisualStudioVersion = 10.0.40219.1
Project("{FAE04EC0-301F-11D3-BF4B-00C04F79EFBC}") = "HelmerDemo.WebShop.Domain", "HelmerDemo.WebShop.Domain\HelmerDemo.WebShop.Domain.csproj", "{EE1103D2-C57D-4F03-B4B2-29AA59E043F2}"
EndProject
Project("{FAE04EC0-301F-11D3-BF4B-00C04F79EFBC}") = "HelmerDemo.WebShop.Application", "HelmerDemo.WebShop.Application\HelmerDemo.WebShop.Application.csproj", "{66311DB1-A0B7-445D-BF91-9D6C8ADB74CB}"
EndProject
Project("{2150E333-8FDC-42A3-9474-1A3956D46DE8}") = "SolutionItems", "SolutionItems", "{DA497FE7-3384-45AA-804D-8E5F96EEFF10}"
	ProjectSection(SolutionItems) = preProject
		..\..\ProjectsPink\Prlg.Organisations\.gitignore = ..\..\ProjectsPink\Prlg.Organisations\.gitignore
		Directory.Build.props = Directory.Build.props
	EndProjectSection
EndProject
Project("{FAE04EC0-301F-11D3-BF4B-00C04F79EFBC}") = "HelmerDemo.WebShop.Infrastructure", "HelmerDemo.WebShop.Infrastructure\HelmerDemo.WebShop.Infrastructure.csproj", "{9CBC69B5-A692-47C7-9309-7BC962515DC1}"
EndProject
Global
	GlobalSection(SolutionConfigurationPlatforms) = preSolution
		Debug|Any CPU = Debug|Any CPU
		Release|Any CPU = Release|Any CPU
	EndGlobalSection
	GlobalSection(ProjectConfigurationPlatforms) = postSolution
		{EE1103D2-C57D-4F03-B4B2-29AA59E043F2}.Debug|Any CPU.ActiveCfg = Debug|Any CPU
		{EE1103D2-C57D-4F03-B4B2-29AA59E043F2}.Debug|Any CPU.Build.0 = Debug|Any CPU
		{EE1103D2-C57D-4F03-B4B2-29AA59E043F2}.Release|Any CPU.ActiveCfg = Release|Any CPU
		{EE1103D2-C57D-4F03-B4B2-29AA59E043F2}.Release|Any CPU.Build.0 = Release|Any CPU
		{66311DB1-A0B7-445D-BF91-9D6C8ADB74CB}.Debug|Any CPU.ActiveCfg = Debug|Any CPU
		{66311DB1-A0B7-445D-BF91-9D6C8ADB74CB}.Debug|Any CPU.Build.0 = Debug|Any CPU
		{66311DB1-A0B7-445D-BF91-9D6C8ADB74CB}.Release|Any CPU.ActiveCfg = Release|Any CPU
		{66311DB1-A0B7-445D-BF91-9D6C8ADB74CB}.Release|Any CPU.Build.0 = Release|Any CPU
		{9CBC69B5-A692-47C7-9309-7BC962515DC1}.Debug|Any CPU.ActiveCfg = Debug|Any CPU
		{9CBC69B5-A692-47C7-9309-7BC962515DC1}.Debug|Any CPU.Build.0 = Debug|Any CPU
		{9CBC69B5-A692-47C7-9309-7BC962515DC1}.Release|Any CPU.ActiveCfg = Release|Any CPU
		{9CBC69B5-A692-47C7-9309-7BC962515DC1}.Release|Any CPU.Build.0 = Release|Any CPU
	EndGlobalSection
	GlobalSection(SolutionProperties) = preSolution
		HideSolutionNode = FALSE
	EndGlobalSection
	GlobalSection(ExtensibilityGlobals) = postSolution
		SolutionGuid = {572E0026-B8EA-443F-A8EB-1F57607AD60B}
	EndGlobalSection
EndGlobal
